Microsoft Visual Studio Solution File, Format Version 1.00
Project("{66355F20-A65B-11D0-BFB5-00A0C91EBFA0}") = "CoffeeMud", "CoffeeMud.vjp", "{32154302-C629-11D4-AA91-00E029553A3C}"
	ProjectSection(SourceCodeControl) = preProject
		SccProjectName = \u0022$/CoffeeMud/Version\u00204.3\u0022,\u0020ZSYAAAAA
		SccLocalPath = .
	EndProjectSection
EndProject
Global
	GlobalSection(LocalDeployment) = postSolution
		StartupProject = {32154302-C629-11D4-AA91-00E029553A3C}
	EndGlobalSection
	GlobalSection(BuildOrder) = postSolution
		0 = {32154302-C629-11D4-AA91-00E029553A3C}
	EndGlobalSection
	GlobalSection(SourceCodeControl) = preSolution
		SccProjectName = \u0022$/CoffeeMud/Version\u00204.3\u0022,\u0020ZSYAAAAA
		SccLocalPath = .
	EndGlobalSection
	GlobalSection(DeploymentRoot) = postSolution
	EndGlobalSection
EndGlobal
